// !$*UTF8*$!
{
	archiveVersion = 1;
	classes = {
	};
	objectVersion = 77;
	objects = {

/* Begin PBXBuildFile section */
		1C02795EE8EF8E347700D39A /* VoiceCloningManager.swift in Sources */ = {isa = PBXBuildFile; fileRef = F358EDCB85B76CCD7CEC5325 /* VoiceCloningManager.swift */; };
		220DF723BB58B334D60C81CE /* PersonalityManager.swift in Sources */ = {isa = PBXBuildFile; fileRef = 1A773BB21C0425B55D6815F3 /* PersonalityManager.swift */; };
		2607CCF9F62BF71308AFC536 /* Color+Hex.swift in Sources */ = {isa = PBXBuildFile; fileRef = 73B0ACA568D4574485CEEE2E /* Color+Hex.swift */; };
		2770854BDBF1A20A74D40630 /* ContentView.swift in Sources */ = {isa = PBXBuildFile; fileRef = 2538931BFC44A299FE9FDD1D /* ContentView.swift */; };
		40752FE003D53015B63495C7 /* Metal.framework in Frameworks */ = {isa = PBXBuildFile; fileRef = 22081DDCF763E0FFE766CB80 /* Metal.framework */; };
		4346812B8C14378273CC46FF /* MetalPerformanceShadersGraph.framework in Frameworks */ = {isa = PBXBuildFile; fileRef = 5A90F0AA6F3B2CBCC165E663 /* MetalPerformanceShadersGraph.framework */; };
		44361773386E23C8A01907DF /* Accelerate.framework in Frameworks */ = {isa = PBXBuildFile; fileRef = F738DF7306ED405E6CA87294 /* Accelerate.framework */; };
		512030C737EE04AF78E751B0 /* MLXLLM in Frameworks */ = {isa = PBXBuildFile; productRef = 2BCDE06E1D33AA960CB6AE33 /* MLXLLM */; };
		71769EB00FEA47EB86C14523 /* TTSView.swift in Sources */ = {isa = PBXBuildFile; fileRef = 165E6D2BB59A562F70941647 /* TTSView.swift */; };
		7EE6124E5179BD822302BE5D /* Personality.swift in Sources */ = {isa = PBXBuildFile; fileRef = 165BD9F50A00C2B9DB72C1C8 /* Personality.swift */; };
		B60243D091973374F04F5886 /* VoiceApp.swift in Sources */ = {isa = PBXBuildFile; fileRef = 0FB13B59DA4F31C5B8ED378B /* VoiceApp.swift */; };
		BCF230640B972D87B0EB96E4 /* VoiceSetupView.swift in Sources */ = {isa = PBXBuildFile; fileRef = 20387185BF79CF2BE2AA2F66 /* VoiceSetupView.swift */; };
		BF8F5E5C90AD7111067EA488 /* SphereView.swift in Sources */ = {isa = PBXBuildFile; fileRef = 16446D7209C704C2C1779B7E /* SphereView.swift */; };
		C4368B48ACA1B2150F874361 /* AudioRecorder.swift in Sources */ = {isa = PBXBuildFile; fileRef = 8B017B18D4DEFE21929CAD33 /* AudioRecorder.swift */; };
		C87B30C7B5DA65EB58E64636 /* MLXLMCommon in Frameworks */ = {isa = PBXBuildFile; productRef = B853A64B7E9720E8E5412067 /* MLXLMCommon */; };
		D416A3DDF89DF954C6974CF4 /* MLXAudio in Frameworks */ = {isa = PBXBuildFile; productRef = D8C97B606B127116EA129340 /* MLXAudio */; };
		D4938CCA0DAF4277F2EA14D3 /* AVFoundation.framework in Frameworks */ = {isa = PBXBuildFile; fileRef = 3940AED0DEDF0A577E703FE9 /* AVFoundation.framework */; };
		F3C16F7EDDB62F5C945FBA7E /* MetalPerformanceShaders.framework in Frameworks */ = {isa = PBXBuildFile; fileRef = C74923F021ADEF0BA03A16B5 /* MetalPerformanceShaders.framework */; };
/* End PBXBuildFile section */

/* Begin PBXFileReference section */
		0FB13B59DA4F31C5B8ED378B /* VoiceApp.swift */ = {isa = PBXFileReference; lastKnownFileType = sourcecode.swift; path = VoiceApp.swift; sourceTree = "<group>"; };
		16446D7209C704C2C1779B7E /* SphereView.swift */ = {isa = PBXFileReference; lastKnownFileType = sourcecode.swift; path = SphereView.swift; sourceTree = "<group>"; };
		165BD9F50A00C2B9DB72C1C8 /* Personality.swift */ = {isa = PBXFileReference; lastKnownFileType = sourcecode.swift; path = Personality.swift; sourceTree = "<group>"; };
		165E6D2BB59A562F70941647 /* TTSView.swift */ = {isa = PBXFileReference; lastKnownFileType = sourcecode.swift; path = TTSView.swift; sourceTree = "<group>"; };
		1A773BB21C0425B55D6815F3 /* PersonalityManager.swift */ = {isa = PBXFileReference; lastKnownFileType = sourcecode.swift; path = PersonalityManager.swift; sourceTree = "<group>"; };
		20387185BF79CF2BE2AA2F66 /* VoiceSetupView.swift */ = {isa = PBXFileReference; lastKnownFileType = sourcecode.swift; path = VoiceSetupView.swift; sourceTree = "<group>"; };
		22081DDCF763E0FFE766CB80 /* Metal.framework */ = {isa = PBXFileReference; lastKnownFileType = wrapper.framework; name = Metal.framework; path = System/Library/Frameworks/Metal.framework; sourceTree = SDKROOT; };
		2538931BFC44A299FE9FDD1D /* ContentView.swift */ = {isa = PBXFileReference; lastKnownFileType = sourcecode.swift; path = ContentView.swift; sourceTree = "<group>"; };
		3940AED0DEDF0A577E703FE9 /* AVFoundation.framework */ = {isa = PBXFileReference; lastKnownFileType = wrapper.framework; name = AVFoundation.framework; path = System/Library/Frameworks/AVFoundation.framework; sourceTree = SDKROOT; };
		531815037098F36198E7F6C1 /* VoiceApp.app */ = {isa = PBXFileReference; includeInIndex = 0; lastKnownFileType = wrapper.application; path = VoiceApp.app; sourceTree = BUILT_PRODUCTS_DIR; };
		5A90F0AA6F3B2CBCC165E663 /* MetalPerformanceShadersGraph.framework */ = {isa = PBXFileReference; lastKnownFileType = wrapper.framework; name = MetalPerformanceShadersGraph.framework; path = System/Library/Frameworks/MetalPerformanceShadersGraph.framework; sourceTree = SDKROOT; };
		73B0ACA568D4574485CEEE2E /* Color+Hex.swift */ = {isa = PBXFileReference; lastKnownFileType = sourcecode.swift; path = "Color+Hex.swift"; sourceTree = "<group>"; };
		8B017B18D4DEFE21929CAD33 /* AudioRecorder.swift */ = {isa = PBXFileReference; lastKnownFileType = sourcecode.swift; path = AudioRecorder.swift; sourceTree = "<group>"; };
		C74923F021ADEF0BA03A16B5 /* MetalPerformanceShaders.framework */ = {isa = PBXFileReference; lastKnownFileType = wrapper.framework; name = MetalPerformanceShaders.framework; path = System/Library/Frameworks/MetalPerformanceShaders.framework; sourceTree = SDKROOT; };
		DEA3FAB96AC2FF59394CAF8E /* mlx-audio-ios */ = {isa = PBXFileReference; lastKnownFileType = folder; name = "mlx-audio-ios"; path = "Packages/mlx-audio-ios"; sourceTree = SOURCE_ROOT; };
		F358EDCB85B76CCD7CEC5325 /* VoiceCloningManager.swift */ = {isa = PBXFileReference; lastKnownFileType = sourcecode.swift; path = VoiceCloningManager.swift; sourceTree = "<group>"; };
		F738DF7306ED405E6CA87294 /* Accelerate.framework */ = {isa = PBXFileReference; lastKnownFileType = wrapper.framework; name = Accelerate.framework; path = System/Library/Frameworks/Accelerate.framework; sourceTree = SDKROOT; };
/* End PBXFileReference section */

/* Begin PBXFrameworksBuildPhase section */
		F11597FF9C7B9B54093D5051 /* Frameworks */ = {
			isa = PBXFrameworksBuildPhase;
			buildActionMask = 2147483647;
			files = (
				D416A3DDF89DF954C6974CF4 /* MLXAudio in Frameworks */,
				512030C737EE04AF78E751B0 /* MLXLLM in Frameworks */,
				C87B30C7B5DA65EB58E64636 /* MLXLMCommon in Frameworks */,
				40752FE003D53015B63495C7 /* Metal.framework in Frameworks */,
				4346812B8C14378273CC46FF /* MetalPerformanceShadersGraph.framework in Frameworks */,
				F3C16F7EDDB62F5C945FBA7E /* MetalPerformanceShaders.framework in Frameworks */,
				44361773386E23C8A01907DF /* Accelerate.framework in Frameworks */,
				D4938CCA0DAF4277F2EA14D3 /* AVFoundation.framework in Frameworks */,
			);
			runOnlyForDeploymentPostprocessing = 0;
		};
/* End PBXFrameworksBuildPhase section */

/* Begin PBXGroup section */
		04E056E1598E7849351FEAA5 /* VoiceApp */ = {
			isa = PBXGroup;
			children = (
				9C077F4BF272121C24535FD7 /* App */,
				A7193636255C5A1F32153847 /* Models */,
				1E3B546D1729097B7F4BD0CC /* Services */,
				354B493F14A37903060ECF6A /* Utilities */,
				AF3ECBFE721A3295E54D030A /* Views */,
			);
			path = VoiceApp;
			sourceTree = "<group>";
		};
		1E3B546D1729097B7F4BD0CC /* Services */ = {
			isa = PBXGroup;
			children = (
				8B017B18D4DEFE21929CAD33 /* AudioRecorder.swift */,
				1A773BB21C0425B55D6815F3 /* PersonalityManager.swift */,
				F358EDCB85B76CCD7CEC5325 /* VoiceCloningManager.swift */,
			);
			path = Services;
			sourceTree = "<group>";
		};
		22515FF6B26A7C4E1F6DE5B8 /* Packages */ = {
			isa = PBXGroup;
			children = (
				DEA3FAB96AC2FF59394CAF8E /* mlx-audio-ios */,
			);
			path = Packages;
			sourceTree = "<group>";
		};
		30833883A2A796F39089B0BE /* Frameworks */ = {
			isa = PBXGroup;
			children = (
				F738DF7306ED405E6CA87294 /* Accelerate.framework */,
				3940AED0DEDF0A577E703FE9 /* AVFoundation.framework */,
				22081DDCF763E0FFE766CB80 /* Metal.framework */,
				C74923F021ADEF0BA03A16B5 /* MetalPerformanceShaders.framework */,
				5A90F0AA6F3B2CBCC165E663 /* MetalPerformanceShadersGraph.framework */,
			);
			name = Frameworks;
			sourceTree = "<group>";
		};
		354B493F14A37903060ECF6A /* Utilities */ = {
			isa = PBXGroup;
			children = (
				73B0ACA568D4574485CEEE2E /* Color+Hex.swift */,
			);
			path = Utilities;
			sourceTree = "<group>";
		};
		6EEBB313A1BB6ACD570643DB /* Products */ = {
			isa = PBXGroup;
			children = (
				531815037098F36198E7F6C1 /* VoiceApp.app */,
			);
			name = Products;
			sourceTree = "<group>";
		};
		9C077F4BF272121C24535FD7 /* App */ = {
			isa = PBXGroup;
			children = (
				0FB13B59DA4F31C5B8ED378B /* VoiceApp.swift */,
			);
			path = App;
			sourceTree = "<group>";
		};
		A7193636255C5A1F32153847 /* Models */ = {
			isa = PBXGroup;
			children = (
				165BD9F50A00C2B9DB72C1C8 /* Personality.swift */,
			);
			path = Models;
			sourceTree = "<group>";
		};
		AF3ECBFE721A3295E54D030A /* Views */ = {
			isa = PBXGroup;
			children = (
				2538931BFC44A299FE9FDD1D /* ContentView.swift */,
				16446D7209C704C2C1779B7E /* SphereView.swift */,
				165E6D2BB59A562F70941647 /* TTSView.swift */,
				20387185BF79CF2BE2AA2F66 /* VoiceSetupView.swift */,
			);
			path = Views;
			sourceTree = "<group>";
		};
		FDE30C94E313BA0C7631B276 = {
			isa = PBXGroup;
			children = (
				22515FF6B26A7C4E1F6DE5B8 /* Packages */,
				04E056E1598E7849351FEAA5 /* VoiceApp */,
				30833883A2A796F39089B0BE /* Frameworks */,
				6EEBB313A1BB6ACD570643DB /* Products */,
			);
			sourceTree = "<group>";
		};
/* End PBXGroup section */

/* Begin PBXNativeTarget section */
		77C84957D14AFC7403C5B95A /* VoiceApp */ = {
			isa = PBXNativeTarget;
			buildConfigurationList = 1EC0D0420AB894606A18E937 /* Build configuration list for PBXNativeTarget "VoiceApp" */;
			buildPhases = (
				06874CAE56E595F048A28667 /* Sources */,
				F11597FF9C7B9B54093D5051 /* Frameworks */,
			);
			buildRules = (
			);
			dependencies = (
			);
			name = VoiceApp;
			packageProductDependencies = (
				D8C97B606B127116EA129340 /* MLXAudio */,
				2BCDE06E1D33AA960CB6AE33 /* MLXLLM */,
				B853A64B7E9720E8E5412067 /* MLXLMCommon */,
			);
			productName = VoiceApp;
			productReference = 531815037098F36198E7F6C1 /* VoiceApp.app */;
			productType = "com.apple.product-type.application";
		};
/* End PBXNativeTarget section */

/* Begin PBXProject section */
		73DBF6B171D9C13894CC6072 /* Project object */ = {
			isa = PBXProject;
			attributes = {
				BuildIndependentTargetsInParallel = YES;
				LastUpgradeCheck = 1430;
				TargetAttributes = {
					77C84957D14AFC7403C5B95A = {
						DevelopmentTeam = NGX9KBXLZ6;
						ProvisioningStyle = Automatic;
					};
				};
			};
			buildConfigurationList = 0E126AED69093B5D98C96194 /* Build configuration list for PBXProject "VoiceApp" */;
			compatibilityVersion = "Xcode 14.0";
			developmentRegion = en;
			hasScannedForEncodings = 0;
			knownRegions = (
				Base,
				en,
			);
			mainGroup = FDE30C94E313BA0C7631B276;
			minimizedProjectReferenceProxies = 1;
			packageReferences = (
				8383899778C702C7D9A39BF2 /* XCRemoteSwiftPackageReference "mlx-swift-lm" */,
				27271A064FC7F5F4B47B2897 /* XCLocalSwiftPackageReference "Packages/mlx-audio-ios" */,
			);
			preferredProjectObjectVersion = 77;
			projectDirPath = "";
			projectRoot = "";
			targets = (
				77C84957D14AFC7403C5B95A /* VoiceApp */,
			);
		};
/* End PBXProject section */

/* Begin PBXSourcesBuildPhase section */
		06874CAE56E595F048A28667 /* Sources */ = {
			isa = PBXSourcesBuildPhase;
			buildActionMask = 2147483647;
			files = (
				C4368B48ACA1B2150F874361 /* AudioRecorder.swift in Sources */,
				2607CCF9F62BF71308AFC536 /* Color+Hex.swift in Sources */,
				2770854BDBF1A20A74D40630 /* ContentView.swift in Sources */,
				7EE6124E5179BD822302BE5D /* Personality.swift in Sources */,
				220DF723BB58B334D60C81CE /* PersonalityManager.swift in Sources */,
				BF8F5E5C90AD7111067EA488 /* SphereView.swift in Sources */,
				71769EB00FEA47EB86C14523 /* TTSView.swift in Sources */,
				B60243D091973374F04F5886 /* VoiceApp.swift in Sources */,
				1C02795EE8EF8E347700D39A /* VoiceCloningManager.swift in Sources */,
				BCF230640B972D87B0EB96E4 /* VoiceSetupView.swift in Sources */,
			);
			runOnlyForDeploymentPostprocessing = 0;
		};
/* End PBXSourcesBuildPhase section */

/* Begin XCBuildConfiguration section */
		8CF728868D64350BF8B9126E /* Debug */ = {
			isa = XCBuildConfiguration;
			buildSettings = {
				ASSETCATALOG_COMPILER_APPICON_NAME = AppIcon;
				CODE_SIGN_IDENTITY = "iPhone Developer";
				CODE_SIGN_STYLE = Automatic;
				DEVELOPMENT_TEAM = NGX9KBXLZ6;
				INFOPLIST_FILE = Info.plist;
				IPHONEOS_DEPLOYMENT_TARGET = 18.4;
				LD_RUNPATH_SEARCH_PATHS = (
					"$(inherited)",
					"@executable_path/Frameworks",
				);
				OTHER_SWIFT_FLAGS = "-enable-experimental-feature StrictConcurrency=minimal";
				PRODUCT_BUNDLE_IDENTIFIER = com.voice.VoiceApp;
				SDKROOT = iphoneos;
				SWIFT_VERSION = 6.0;
				TARGETED_DEVICE_FAMILY = "1,2";
			};
			name = Debug;
		};
		CF8D1AD402A8BD0E244AF5B9 /* Debug */ = {
			isa = XCBuildConfiguration;
			buildSettings = {
				ALWAYS_SEARCH_USER_PATHS = NO;
				CLANG_ANALYZER_NONNULL = YES;
				CLANG_ANALYZER_NUMBER_OBJECT_CONVERSION = YES_AGGRESSIVE;
				CLANG_CXX_LANGUAGE_STANDARD = "gnu++14";
				CLANG_CXX_LIBRARY = "libc++";
				CLANG_ENABLE_MODULES = YES;
				CLANG_ENABLE_OBJC_ARC = YES;
				CLANG_ENABLE_OBJC_WEAK = YES;
				CLANG_WARN_BLOCK_CAPTURE_AUTORELEASING = YES;
				CLANG_WARN_BOOL_CONVERSION = YES;
				CLANG_WARN_COMMA = YES;
				CLANG_WARN_CONSTANT_CONVERSION = YES;
				CLANG_WARN_DEPRECATED_OBJC_IMPLEMENTATIONS = YES;
				CLANG_WARN_DIRECT_OBJC_ISA_USAGE = YES_ERROR;
				CLANG_WARN_DOCUMENTATION_COMMENTS = YES;
				CLANG_WARN_EMPTY_BODY = YES;
				CLANG_WARN_ENUM_CONVERSION = YES;
				CLANG_WARN_INFINITE_RECURSION = YES;
				CLANG_WARN_INT_CONVERSION = YES;
				CLANG_WARN_NON_LITERAL_NULL_CONVERSION = YES;
				CLANG_WARN_OBJC_IMPLICIT_RETAIN_SELF = YES;
				CLANG_WARN_OBJC_LITERAL_CONVERSION = YES;
				CLANG_WARN_OBJC_ROOT_CLASS = YES_ERROR;
				CLANG_WARN_QUOTED_INCLUDE_IN_FRAMEWORK_HEADER = YES;
				CLANG_WARN_RANGE_LOOP_ANALYSIS = YES;
				CLANG_WARN_STRICT_PROTOTYPES = YES;
				CLANG_WARN_SUSPICIOUS_MOVE = YES;
				CLANG_WARN_UNGUARDED_AVAILABILITY = YES_AGGRESSIVE;
				CLANG_WARN_UNREACHABLE_CODE = YES;
				CLANG_WARN__DUPLICATE_METHOD_MATCH = YES;
				COPY_PHASE_STRIP = NO;
				DEBUG_INFORMATION_FORMAT = dwarf;
				ENABLE_STRICT_OBJC_MSGSEND = YES;
				ENABLE_TESTABILITY = YES;
				GCC_C_LANGUAGE_STANDARD = gnu11;
				GCC_DYNAMIC_NO_PIC = NO;
				GCC_NO_COMMON_BLOCKS = YES;
				GCC_OPTIMIZATION_LEVEL = 0;
				GCC_PREPROCESSOR_DEFINITIONS = (
					"$(inherited)",
					"DEBUG=1",
				);
				GCC_WARN_64_TO_32_BIT_CONVERSION = YES;
				GCC_WARN_ABOUT_RETURN_TYPE = YES_ERROR;
				GCC_WARN_UNDECLARED_SELECTOR = YES;
				GCC_WARN_UNINITIALIZED_AUTOS = YES_AGGRESSIVE;
				GCC_WARN_UNUSED_FUNCTION = YES;
				GCC_WARN_UNUSED_VARIABLE = YES;
				IPHONEOS_DEPLOYMENT_TARGET = 18.4;
				MTL_ENABLE_DEBUG_INFO = INCLUDE_SOURCE;
				MTL_FAST_MATH = YES;
				ONLY_ACTIVE_ARCH = YES;
				PRODUCT_NAME = "$(TARGET_NAME)";
				SDKROOT = iphoneos;
				SWIFT_ACTIVE_COMPILATION_CONDITIONS = DEBUG;
				SWIFT_OPTIMIZATION_LEVEL = "-Onone";
				SWIFT_VERSION = 5.0;
			};
			name = Debug;
		};
		D328A7F946BEFE6C46942C00 /* Release */ = {
			isa = XCBuildConfiguration;
			buildSettings = {
				ASSETCATALOG_COMPILER_APPICON_NAME = AppIcon;
				CODE_SIGN_IDENTITY = "iPhone Developer";
				CODE_SIGN_STYLE = Automatic;
				DEVELOPMENT_TEAM = NGX9KBXLZ6;
				INFOPLIST_FILE = Info.plist;
				IPHONEOS_DEPLOYMENT_TARGET = 18.4;
				LD_RUNPATH_SEARCH_PATHS = (
					"$(inherited)",
					"@executable_path/Frameworks",
				);
				OTHER_SWIFT_FLAGS = "-enable-experimental-feature StrictConcurrency=minimal";
				PRODUCT_BUNDLE_IDENTIFIER = com.voice.VoiceApp;
				SDKROOT = iphoneos;
				SWIFT_VERSION = 6.0;
				TARGETED_DEVICE_FAMILY = "1,2";
			};
			name = Release;
		};
		DD682206625F8BF7035E0989 /* Release */ = {
			isa = XCBuildConfiguration;
			buildSettings = {
				ALWAYS_SEARCH_USER_PATHS = NO;
				CLANG_ANALYZER_NONNULL = YES;
				CLANG_ANALYZER_NUMBER_OBJECT_CONVERSION = YES_AGGRESSIVE;
				CLANG_CXX_LANGUAGE_STANDARD = "gnu++14";
				CLANG_CXX_LIBRARY = "libc++";
				CLANG_ENABLE_MODULES = YES;
				CLANG_ENABLE_OBJC_ARC = YES;
				CLANG_ENABLE_OBJC_WEAK = YES;
				CLANG_WARN_BLOCK_CAPTURE_AUTORELEASING = YES;
				CLANG_WARN_BOOL_CONVERSION = YES;
				CLANG_WARN_COMMA = YES;
				CLANG_WARN_CONSTANT_CONVERSION = YES;
				CLANG_WARN_DEPRECATED_OBJC_IMPLEMENTATIONS = YES;
				CLANG_WARN_DIRECT_OBJC_ISA_USAGE = YES_ERROR;
				CLANG_WARN_DOCUMENTATION_COMMENTS = YES;
				CLANG_WARN_EMPTY_BODY = YES;
				CLANG_WARN_ENUM_CONVERSION = YES;
				CLANG_WARN_INFINITE_RECURSION = YES;
				CLANG_WARN_INT_CONVERSION = YES;
				CLANG_WARN_NON_LITERAL_NULL_CONVERSION = YES;
				CLANG_WARN_OBJC_IMPLICIT_RETAIN_SELF = YES;
				CLANG_WARN_OBJC_LITERAL_CONVERSION = YES;
				CLANG_WARN_OBJC_ROOT_CLASS = YES_ERROR;
				CLANG_WARN_QUOTED_INCLUDE_IN_FRAMEWORK_HEADER = YES;
				CLANG_WARN_RANGE_LOOP_ANALYSIS = YES;
				CLANG_WARN_STRICT_PROTOTYPES = YES;
				CLANG_WARN_SUSPICIOUS_MOVE = YES;
				CLANG_WARN_UNGUARDED_AVAILABILITY = YES_AGGRESSIVE;
				CLANG_WARN_UNREACHABLE_CODE = YES;
				CLANG_WARN__DUPLICATE_METHOD_MATCH = YES;
				COPY_PHASE_STRIP = NO;
				DEBUG_INFORMATION_FORMAT = "dwarf-with-dsym";
				ENABLE_NS_ASSERTIONS = NO;
				ENABLE_STRICT_OBJC_MSGSEND = YES;
				GCC_C_LANGUAGE_STANDARD = gnu11;
				GCC_NO_COMMON_BLOCKS = YES;
				GCC_WARN_64_TO_32_BIT_CONVERSION = YES;
				GCC_WARN_ABOUT_RETURN_TYPE = YES_ERROR;
				GCC_WARN_UNDECLARED_SELECTOR = YES;
				GCC_WARN_UNINITIALIZED_AUTOS = YES_AGGRESSIVE;
				GCC_WARN_UNUSED_FUNCTION = YES;
				GCC_WARN_UNUSED_VARIABLE = YES;
				IPHONEOS_DEPLOYMENT_TARGET = 18.4;
				MTL_ENABLE_DEBUG_INFO = NO;
				MTL_FAST_MATH = YES;
				PRODUCT_NAME = "$(TARGET_NAME)";
				SDKROOT = iphoneos;
				SWIFT_COMPILATION_MODE = wholemodule;
				SWIFT_OPTIMIZATION_LEVEL = "-O";
				SWIFT_VERSION = 5.0;
			};
			name = Release;
		};
/* End XCBuildConfiguration section */

/* Begin XCConfigurationList section */
		0E126AED69093B5D98C96194 /* Build configuration list for PBXProject "VoiceApp" */ = {
			isa = XCConfigurationList;
			buildConfigurations = (
				CF8D1AD402A8BD0E244AF5B9 /* Debug */,
				DD682206625F8BF7035E0989 /* Release */,
			);
			defaultConfigurationIsVisible = 0;
			defaultConfigurationName = Debug;
		};
		1EC0D0420AB894606A18E937 /* Build configuration list for PBXNativeTarget "VoiceApp" */ = {
			isa = XCConfigurationList;
			buildConfigurations = (
				8CF728868D64350BF8B9126E /* Debug */,
				D328A7F946BEFE6C46942C00 /* Release */,
			);
			defaultConfigurationIsVisible = 0;
			defaultConfigurationName = Debug;
		};
/* End XCConfigurationList section */

/* Begin XCLocalSwiftPackageReference section */
		27271A064FC7F5F4B47B2897 /* XCLocalSwiftPackageReference "Packages/mlx-audio-ios" */ = {
			isa = XCLocalSwiftPackageReference;
			relativePath = "Packages/mlx-audio-ios";
		};
/* End XCLocalSwiftPackageReference section */

/* Begin XCRemoteSwiftPackageReference section */
		8383899778C702C7D9A39BF2 /* XCRemoteSwiftPackageReference "mlx-swift-lm" */ = {
			isa = XCRemoteSwiftPackageReference;
			repositoryURL = "https://github.com/ml-explore/mlx-swift-lm";
			requirement = {
				branch = main;
				kind = branch;
			};
		};
/* End XCRemoteSwiftPackageReference section */

/* Begin XCSwiftPackageProductDependency section */
		2BCDE06E1D33AA960CB6AE33 /* MLXLLM */ = {
			isa = XCSwiftPackageProductDependency;
			package = 8383899778C702C7D9A39BF2 /* XCRemoteSwiftPackageReference "mlx-swift-lm" */;
			productName = MLXLLM;
		};
		B853A64B7E9720E8E5412067 /* MLXLMCommon */ = {
			isa = XCSwiftPackageProductDependency;
			package = 8383899778C702C7D9A39BF2 /* XCRemoteSwiftPackageReference "mlx-swift-lm" */;
			productName = MLXLMCommon;
		};
		D8C97B606B127116EA129340 /* MLXAudio */ = {
			isa = XCSwiftPackageProductDependency;
			productName = MLXAudio;
		};
/* End XCSwiftPackageProductDependency section */
	};
	rootObject = 73DBF6B171D9C13894CC6072 /* Project object */;
}
